
Microsoft Visual Studio Solution File, Format Version 12.00
# Visual Studio 15
VisualStudioVersion = 15.0.27428.2005
MinimumVisualStudioVersion = 10.0.40219.1
Project("{6EC3EE1D-3C4E-46DD-8F32-0CC8E7565705}") = "Aikixd.CodeGeneration.Core", "Aikixd.CodeGeneration.Core\Aikixd.CodeGeneration.Core.fsproj", "{6487A8B4-0DB9-46EB-9D47-945671726C22}"
EndProject
Project("{9A19103F-16F7-4668-BE54-9A1E7A4F7556}") = "Aikixd.CodeGeneration.Test.CSharp.Target.Standard", "Aikixd.CodeGeneration.Test.CSharp.Target.Standard\Aikixd.CodeGeneration.Test.CSharp.Target.Standard.csproj", "{B59389AC-C630-4E40-93D5-26E7A388C8A7}"
EndProject
Project("{9A19103F-16F7-4668-BE54-9A1E7A4F7556}") = "Aikixd.CodeGeneration.Test.CSharp.Bridge", "Aikixd.CodeGeneration.Test.CSharp.Bridge\Aikixd.CodeGeneration.Test.CSharp.Bridge.csproj", "{215F4899-40BF-47D1-8BCF-5FE2939A1165}"
EndProject
Project("{2150E333-8FDC-42A3-9474-1A3956D46DE8}") = "Solution Items", "Solution Items", "{779F85EF-0B6D-4DE6-8D5F-6CDE8053FD1E}"
	ProjectSection(SolutionItems) = preProject
		Solution.ruleset = Solution.ruleset
	EndProjectSection
EndProject
Project("{FAE04EC0-301F-11D3-BF4B-00C04F79EFBC}") = "Aikixd.CodeGeneration.Test.CSharp", "Aikixd.CodeGeneration.Test.CSharp\Aikixd.CodeGeneration.Test.CSharp.csproj", "{ECA5558E-3995-4A7E-97B5-2E1B15D1C441}"
EndProject
Project("{9A19103F-16F7-4668-BE54-9A1E7A4F7556}") = "Aikixd.CodeGeneration.CSharp", "Aikixd.CodeGeneration.CSharp\Aikixd.CodeGeneration.CSharp.csproj", "{881FC781-5781-4F91-B42F-6E3C2011D190}"
EndProject
Project("{FAE04EC0-301F-11D3-BF4B-00C04F79EFBC}") = "Aikixd.CodeGeneration.Test.CSharp.Target.Standard2", "Aikixd.CodeGeneration.Test.CSharp.Target.Standard2\Aikixd.CodeGeneration.Test.CSharp.Target.Standard2.csproj", "{2896D7B2-B17C-4C2C-97EF-FDAFD3925C84}"
EndProject
Global
	GlobalSection(SolutionConfigurationPlatforms) = preSolution
		Debug|Any CPU = Debug|Any CPU
		Release|Any CPU = Release|Any CPU
	EndGlobalSection
	GlobalSection(ProjectConfigurationPlatforms) = postSolution
		{6487A8B4-0DB9-46EB-9D47-945671726C22}.Debug|Any CPU.ActiveCfg = Debug|Any CPU
		{6487A8B4-0DB9-46EB-9D47-945671726C22}.Debug|Any CPU.Build.0 = Debug|Any CPU
		{6487A8B4-0DB9-46EB-9D47-945671726C22}.Release|Any CPU.ActiveCfg = Release|Any CPU
		{6487A8B4-0DB9-46EB-9D47-945671726C22}.Release|Any CPU.Build.0 = Release|Any CPU
		{B59389AC-C630-4E40-93D5-26E7A388C8A7}.Debug|Any CPU.ActiveCfg = Debug|Any CPU
		{B59389AC-C630-4E40-93D5-26E7A388C8A7}.Debug|Any CPU.Build.0 = Debug|Any CPU
		{B59389AC-C630-4E40-93D5-26E7A388C8A7}.Release|Any CPU.ActiveCfg = Release|Any CPU
		{B59389AC-C630-4E40-93D5-26E7A388C8A7}.Release|Any CPU.Build.0 = Release|Any CPU
		{215F4899-40BF-47D1-8BCF-5FE2939A1165}.Debug|Any CPU.ActiveCfg = Debug|Any CPU
		{215F4899-40BF-47D1-8BCF-5FE2939A1165}.Debug|Any CPU.Build.0 = Debug|Any CPU
		{215F4899-40BF-47D1-8BCF-5FE2939A1165}.Release|Any CPU.ActiveCfg = Release|Any CPU
		{215F4899-40BF-47D1-8BCF-5FE2939A1165}.Release|Any CPU.Build.0 = Release|Any CPU
		{ECA5558E-3995-4A7E-97B5-2E1B15D1C441}.Debug|Any CPU.ActiveCfg = Debug|Any CPU
		{ECA5558E-3995-4A7E-97B5-2E1B15D1C441}.Debug|Any CPU.Build.0 = Debug|Any CPU
		{ECA5558E-3995-4A7E-97B5-2E1B15D1C441}.Release|Any CPU.ActiveCfg = Release|Any CPU
		{ECA5558E-3995-4A7E-97B5-2E1B15D1C441}.Release|Any CPU.Build.0 = Release|Any CPU
		{881FC781-5781-4F91-B42F-6E3C2011D190}.Debug|Any CPU.ActiveCfg = Debug|Any CPU
		{881FC781-5781-4F91-B42F-6E3C2011D190}.Debug|Any CPU.Build.0 = Debug|Any CPU
		{881FC781-5781-4F91-B42F-6E3C2011D190}.Release|Any CPU.ActiveCfg = Release|Any CPU
		{881FC781-5781-4F91-B42F-6E3C2011D190}.Release|Any CPU.Build.0 = Release|Any CPU
		{2896D7B2-B17C-4C2C-97EF-FDAFD3925C84}.Debug|Any CPU.ActiveCfg = Debug|Any CPU
		{2896D7B2-B17C-4C2C-97EF-FDAFD3925C84}.Debug|Any CPU.Build.0 = Debug|Any CPU
		{2896D7B2-B17C-4C2C-97EF-FDAFD3925C84}.Release|Any CPU.ActiveCfg = Release|Any CPU
		{2896D7B2-B17C-4C2C-97EF-FDAFD3925C84}.Release|Any CPU.Build.0 = Release|Any CPU
	EndGlobalSection
	GlobalSection(SolutionProperties) = preSolution
		HideSolutionNode = FALSE
	EndGlobalSection
	GlobalSection(ExtensibilityGlobals) = postSolution
		SolutionGuid = {B342C7D8-6D78-421A-80FD-B234F7FDC498}
	EndGlobalSection
EndGlobal
